
Microsoft Visual Studio Solution File, Format Version 12.00
# Visual Studio Version 17
VisualStudioVersion = 17.0.31903.59
MinimumVisualStudioVersion = 10.0.40219.1
Project("{2150E333-8FDC-42A3-9474-1A3956D46DE8}") = "src", "src", "{F587204F-2201-43E8-99D8-C4F0E87BD135}"
EndProject
Project("{9A19103F-16F7-4668-BE54-9A1E7A4F7556}") = "Api", "src\Api\Api.csproj", "{7AB75AE6-6FD6-47B3-A5C2-064C1ADFBCD9}"
EndProject
Project("{9A19103F-16F7-4668-BE54-9A1E7A4F7556}") = "Infra", "src\Infra\Infra.csproj", "{237B0671-6AF6-484C-9A73-8C83303B5F58}"
EndProject
Project("{9A19103F-16F7-4668-BE54-9A1E7A4F7556}") = "Application", "src\Application\Application.csproj", "{6097C782-7DC1-40D8-971A-4B50286F7DDE}"
EndProject
Project("{9A19103F-16F7-4668-BE54-9A1E7A4F7556}") = "Domain", "src\Domain\Domain.csproj", "{3BAA1966-819F-4645-82A1-BF486D315818}"
EndProject
Global
	GlobalSection(SolutionConfigurationPlatforms) = preSolution
		Debug|Any CPU = Debug|Any CPU
		Release|Any CPU = Release|Any CPU
	EndGlobalSection
	GlobalSection(ProjectConfigurationPlatforms) = postSolution
		{7AB75AE6-6FD6-47B3-A5C2-064C1ADFBCD9}.Debug|Any CPU.ActiveCfg = Debug|Any CPU
		{7AB75AE6-6FD6-47B3-A5C2-064C1ADFBCD9}.Debug|Any CPU.Build.0 = Debug|Any CPU
		{7AB75AE6-6FD6-47B3-A5C2-064C1ADFBCD9}.Release|Any CPU.ActiveCfg = Release|Any CPU
		{7AB75AE6-6FD6-47B3-A5C2-064C1ADFBCD9}.Release|Any CPU.Build.0 = Release|Any CPU
		{237B0671-6AF6-484C-9A73-8C83303B5F58}.Debug|Any CPU.ActiveCfg = Debug|Any CPU
		{237B0671-6AF6-484C-9A73-8C83303B5F58}.Debug|Any CPU.Build.0 = Debug|Any CPU
		{237B0671-6AF6-484C-9A73-8C83303B5F58}.Release|Any CPU.ActiveCfg = Release|Any CPU
		{237B0671-6AF6-484C-9A73-8C83303B5F58}.Release|Any CPU.Build.0 = Release|Any CPU
		{6097C782-7DC1-40D8-971A-4B50286F7DDE}.Debug|Any CPU.ActiveCfg = Debug|Any CPU
		{6097C782-7DC1-40D8-971A-4B50286F7DDE}.Debug|Any CPU.Build.0 = Debug|Any CPU
		{6097C782-7DC1-40D8-971A-4B50286F7DDE}.Release|Any CPU.ActiveCfg = Release|Any CPU
		{6097C782-7DC1-40D8-971A-4B50286F7DDE}.Release|Any CPU.Build.0 = Release|Any CPU
		{3BAA1966-819F-4645-82A1-BF486D315818}.Debug|Any CPU.ActiveCfg = Debug|Any CPU
		{3BAA1966-819F-4645-82A1-BF486D315818}.Debug|Any CPU.Build.0 = Debug|Any CPU
		{3BAA1966-819F-4645-82A1-BF486D315818}.Release|Any CPU.ActiveCfg = Release|Any CPU
		{3BAA1966-819F-4645-82A1-BF486D315818}.Release|Any CPU.Build.0 = Release|Any CPU
	EndGlobalSection
	GlobalSection(SolutionProperties) = preSolution
		HideSolutionNode = FALSE
	EndGlobalSection
	GlobalSection(NestedProjects) = preSolution
		{7AB75AE6-6FD6-47B3-A5C2-064C1ADFBCD9} = {F587204F-2201-43E8-99D8-C4F0E87BD135}
		{237B0671-6AF6-484C-9A73-8C83303B5F58} = {F587204F-2201-43E8-99D8-C4F0E87BD135}
		{6097C782-7DC1-40D8-971A-4B50286F7DDE} = {F587204F-2201-43E8-99D8-C4F0E87BD135}
		{3BAA1966-819F-4645-82A1-BF486D315818} = {F587204F-2201-43E8-99D8-C4F0E87BD135}
	EndGlobalSection
	GlobalSection(ExtensibilityGlobals) = postSolution
		SolutionGuid = {7661A665-FBB7-4377-B992-CA7E8BC2B397}
	EndGlobalSection
EndGlobal
